
Microsoft Visual Studio Solution File, Format Version 12.00
# Visual Studio Version 17
VisualStudioVersion = 17.0.32014.148
MinimumVisualStudioVersion = 10.0.40219.1
Project("{9A19103F-16F7-4668-BE54-9A1E7A4F7556}") = "Restaurant.PL", "Restaurant.PL\Restaurant.PL.csproj", "{D80458EF-CF13-448F-88BD-29098673441B}"
EndProject
Project("{9A19103F-16F7-4668-BE54-9A1E7A4F7556}") = "Restaurant.BLL", "Restaurant.BLL\Restaurant.BLL.csproj", "{A72C6A84-16FC-47A6-A027-1A80E02DB02B}"
EndProject
Project("{9A19103F-16F7-4668-BE54-9A1E7A4F7556}") = "Restaurant.DAL", "Restaurant.DAL\Restaurant.DAL.csproj", "{FB2661DC-DA77-4381-B9D4-7C4A98EF156A}"
EndProject
Project("{FAE04EC0-301F-11D3-BF4B-00C04F79EFBC}") = "Restaurant.WinForm", "Restaurant.WinForm\Restaurant.WinForm.csproj", "{65A50A6E-BD12-4D2F-9208-B0ED3F702744}"
EndProject
Global
	GlobalSection(SolutionConfigurationPlatforms) = preSolution
		Debug|Any CPU = Debug|Any CPU
		Release|Any CPU = Release|Any CPU
	EndGlobalSection
	GlobalSection(ProjectConfigurationPlatforms) = postSolution
		{D80458EF-CF13-448F-88BD-29098673441B}.Debug|Any CPU.ActiveCfg = Debug|Any CPU
		{D80458EF-CF13-448F-88BD-29098673441B}.Debug|Any CPU.Build.0 = Debug|Any CPU
		{D80458EF-CF13-448F-88BD-29098673441B}.Release|Any CPU.ActiveCfg = Release|Any CPU
		{D80458EF-CF13-448F-88BD-29098673441B}.Release|Any CPU.Build.0 = Release|Any CPU
		{A72C6A84-16FC-47A6-A027-1A80E02DB02B}.Debug|Any CPU.ActiveCfg = Debug|Any CPU
		{A72C6A84-16FC-47A6-A027-1A80E02DB02B}.Debug|Any CPU.Build.0 = Debug|Any CPU
		{A72C6A84-16FC-47A6-A027-1A80E02DB02B}.Release|Any CPU.ActiveCfg = Release|Any CPU
		{A72C6A84-16FC-47A6-A027-1A80E02DB02B}.Release|Any CPU.Build.0 = Release|Any CPU
		{FB2661DC-DA77-4381-B9D4-7C4A98EF156A}.Debug|Any CPU.ActiveCfg = Debug|Any CPU
		{FB2661DC-DA77-4381-B9D4-7C4A98EF156A}.Debug|Any CPU.Build.0 = Debug|Any CPU
		{FB2661DC-DA77-4381-B9D4-7C4A98EF156A}.Release|Any CPU.ActiveCfg = Release|Any CPU
		{FB2661DC-DA77-4381-B9D4-7C4A98EF156A}.Release|Any CPU.Build.0 = Release|Any CPU
		{65A50A6E-BD12-4D2F-9208-B0ED3F702744}.Debug|Any CPU.ActiveCfg = Debug|Any CPU
		{65A50A6E-BD12-4D2F-9208-B0ED3F702744}.Debug|Any CPU.Build.0 = Debug|Any CPU
		{65A50A6E-BD12-4D2F-9208-B0ED3F702744}.Release|Any CPU.ActiveCfg = Release|Any CPU
		{65A50A6E-BD12-4D2F-9208-B0ED3F702744}.Release|Any CPU.Build.0 = Release|Any CPU
	EndGlobalSection
	GlobalSection(SolutionProperties) = preSolution
		HideSolutionNode = FALSE
	EndGlobalSection
	GlobalSection(ExtensibilityGlobals) = postSolution
		SolutionGuid = {69EB6CCE-91BE-4E1A-ABB0-8EC618A3AE5D}
	EndGlobalSection
EndGlobal
