
Microsoft Visual Studio Solution File, Format Version 12.00
Project("{FAE04EC0-301F-11D3-BF4B-00C04F79EFBC}") = "Restaurant.PL", "Restaurant.PL\Restaurant.PL.csproj", "{B77708F6-7858-4F8D-AEFA-EA083CAAB7D3}"
EndProject
Project("{FAE04EC0-301F-11D3-BF4B-00C04F79EFBC}") = "Restaurant.BLL", "Restaurant.BLL\Restaurant.BLL.csproj", "{4028E69A-C645-4AA5-A846-2533C01951DB}"
EndProject
Project("{FAE04EC0-301F-11D3-BF4B-00C04F79EFBC}") = "Restaurant.DAL", "Restaurant.DAL\Restaurant.DAL.csproj", "{48374ACD-FA91-4A3C-8F03-CC6C68602730}"
EndProject
Global
	GlobalSection(SolutionConfigurationPlatforms) = preSolution
		Debug|Any CPU = Debug|Any CPU
		Release|Any CPU = Release|Any CPU
	EndGlobalSection
	GlobalSection(ProjectConfigurationPlatforms) = postSolution
		{B77708F6-7858-4F8D-AEFA-EA083CAAB7D3}.Debug|Any CPU.ActiveCfg = Debug|Any CPU
		{B77708F6-7858-4F8D-AEFA-EA083CAAB7D3}.Debug|Any CPU.Build.0 = Debug|Any CPU
		{B77708F6-7858-4F8D-AEFA-EA083CAAB7D3}.Release|Any CPU.ActiveCfg = Release|Any CPU
		{B77708F6-7858-4F8D-AEFA-EA083CAAB7D3}.Release|Any CPU.Build.0 = Release|Any CPU
		{4028E69A-C645-4AA5-A846-2533C01951DB}.Debug|Any CPU.ActiveCfg = Debug|Any CPU
		{4028E69A-C645-4AA5-A846-2533C01951DB}.Debug|Any CPU.Build.0 = Debug|Any CPU
		{4028E69A-C645-4AA5-A846-2533C01951DB}.Release|Any CPU.ActiveCfg = Release|Any CPU
		{4028E69A-C645-4AA5-A846-2533C01951DB}.Release|Any CPU.Build.0 = Release|Any CPU
		{48374ACD-FA91-4A3C-8F03-CC6C68602730}.Debug|Any CPU.ActiveCfg = Debug|Any CPU
		{48374ACD-FA91-4A3C-8F03-CC6C68602730}.Debug|Any CPU.Build.0 = Debug|Any CPU
		{48374ACD-FA91-4A3C-8F03-CC6C68602730}.Release|Any CPU.ActiveCfg = Release|Any CPU
		{48374ACD-FA91-4A3C-8F03-CC6C68602730}.Release|Any CPU.Build.0 = Release|Any CPU
	EndGlobalSection
EndGlobal
